Microsoft Visual Studio Solution File, Format Version 11.00
# Visual Studio 2008

Project("{F6C351E7-B2A7-233C-0786-41695A7C8E1D}") = "2DPlayground", "Assembly-CSharp-firstpass-vs.csproj", "{E708E895-4780-6813-4880-3AC1495CCAF9}"
EndProject
Project("{F6C351E7-B2A7-233C-0786-41695A7C8E1D}") = "2DPlayground", "Assembly-CSharp-vs.csproj", "{CCC372D4-C766-F4C8-20CA-B2C531EE5B54}"
EndProject
Project("{F6C351E7-B2A7-233C-0786-41695A7C8E1D}") = "2DPlayground", "Assembly-CSharp-Editor-vs.csproj", "{EDC3D282-F920-F8B2-F956-2A1273F9F724}"
EndProject
Global
	GlobalSection(SolutionConfigurationPlatforms) = preSolution
		Debug|Any CPU = Debug|Any CPU
		Release|Any CPU = Release|Any CPU
	EndGlobalSection
	GlobalSection(ProjectConfigurationPlatforms) = postSolution
		{E708E895-4780-6813-4880-3AC1495CCAF9}.Debug|Any CPU.ActiveCfg = Debug|Any CPU
		{E708E895-4780-6813-4880-3AC1495CCAF9}.Debug|Any CPU.Build.0 = Debug|Any CPU
		{E708E895-4780-6813-4880-3AC1495CCAF9}.Release|Any CPU.ActiveCfg = Release|Any CPU
		{E708E895-4780-6813-4880-3AC1495CCAF9}.Release|Any CPU.Build.0 = Release|Any CPU
		{CCC372D4-C766-F4C8-20CA-B2C531EE5B54}.Debug|Any CPU.ActiveCfg = Debug|Any CPU
		{CCC372D4-C766-F4C8-20CA-B2C531EE5B54}.Debug|Any CPU.Build.0 = Debug|Any CPU
		{CCC372D4-C766-F4C8-20CA-B2C531EE5B54}.Release|Any CPU.ActiveCfg = Release|Any CPU
		{CCC372D4-C766-F4C8-20CA-B2C531EE5B54}.Release|Any CPU.Build.0 = Release|Any CPU
		{EDC3D282-F920-F8B2-F956-2A1273F9F724}.Debug|Any CPU.ActiveCfg = Debug|Any CPU
		{EDC3D282-F920-F8B2-F956-2A1273F9F724}.Debug|Any CPU.Build.0 = Debug|Any CPU
		{EDC3D282-F920-F8B2-F956-2A1273F9F724}.Release|Any CPU.ActiveCfg = Release|Any CPU
		{EDC3D282-F920-F8B2-F956-2A1273F9F724}.Release|Any CPU.Build.0 = Release|Any CPU
	EndGlobalSection
	GlobalSection(SolutionProperties) = preSolution
		HideSolutionNode = FALSE
	EndGlobalSection
																																																																																																																																																																																																																																																																																																																																																																																																																																									GlobalSection(MonoDevelopProperties) = preSolution
		StartupItem = Assembly-CSharp.csproj
		Policies = $0
		$0.TextStylePolicy = $1
		$1.inheritsSet = null
		$1.scope = text/x-csharp
		$0.CSharpFormattingPolicy = $2
		$2.inheritsSet = Mono
		$2.inheritsScope = text/x-csharp
		$2.scope = text/x-csharp
		$0.TextStylePolicy = $3
		$3.FileWidth = 120
		$3.TabWidth = 4
		$3.EolMarker = Unix
		$3.inheritsSet = Mono
		$3.inheritsScope = text/plain
		$3.scope = text/plain
	EndGlobalSection

EndGlobal
